
Microsoft Visual Studio Solution File, Format Version 12.00
# Visual Studio Version 17
VisualStudioVersion = 17.7.34202.233
MinimumVisualStudioVersion = 10.0.40219.1
Project("{9A19103F-16F7-4668-BE54-9A1E7A4F7556}") = "secondApp", "secondApp\secondApp.csproj", "{DF77D40E-7F9E-4609-BB98-3C1E806BFFE4}"
EndProject
Project("{9A19103F-16F7-4668-BE54-9A1E7A4F7556}") = "webApp2", "webApp2\webApp2.csproj", "{9C466134-14A4-4751-9132-57A4C1D4C63D}"
EndProject
Project("{9A19103F-16F7-4668-BE54-9A1E7A4F7556}") = "winApp", "winApp\winApp.csproj", "{6BAB003E-117F-4912-A855-7BE2D317254B}"
EndProject
Project("{2150E333-8FDC-42A3-9474-1A3956D46DE8}") = "Empsystem", "Empsystem", "{ED7F0A93-85A7-4636-AFF5-ECC4E89AE896}"
EndProject
Project("{9A19103F-16F7-4668-BE54-9A1E7A4F7556}") = "emplib", "emplib\emplib.csproj", "{3076CEE1-DD3B-4A9A-8854-D7313893EA02}"
EndProject
Project("{9A19103F-16F7-4668-BE54-9A1E7A4F7556}") = "EmpConsole", "EmpConsole\EmpConsole.csproj", "{02385DAB-40BF-4223-BC90-A8ACA8BAD4F3}"
EndProject
Project("{2150E333-8FDC-42A3-9474-1A3956D46DE8}") = "ShapeManager", "ShapeManager", "{06F3DF3A-C31C-4110-8545-998C507B65E2}"
EndProject
Project("{9A19103F-16F7-4668-BE54-9A1E7A4F7556}") = "shapeconsole", "shapeconsole\shapeconsole.csproj", "{0CC75593-D77C-42BC-AB25-B496338AD6CF}"
EndProject
Project("{9A19103F-16F7-4668-BE54-9A1E7A4F7556}") = "shapelib", "shapelib\shapelib.csproj", "{205B0429-BFC5-4835-B69B-E6C2B3C7540F}"
EndProject
Project("{2150E333-8FDC-42A3-9474-1A3956D46DE8}") = "BL", "BL", "{7D7584D7-F349-4934-A007-74611B74B136}"
EndProject
Project("{2150E333-8FDC-42A3-9474-1A3956D46DE8}") = "PL", "PL", "{7D4B7357-5AAD-4F40-B0ED-88F2ACC8E782}"
EndProject
Project("{9A19103F-16F7-4668-BE54-9A1E7A4F7556}") = "empforms", "empforms\empforms.csproj", "{9103B33D-E4FE-4D88-AAC6-C2A82E0CDFC6}"
EndProject
Project("{9A19103F-16F7-4668-BE54-9A1E7A4F7556}") = "delegates", "delegates\delegates.csproj", "{DAE0CA7C-E693-4830-8F2A-2DF81C4BD3C9}"
EndProject
Project("{9A19103F-16F7-4668-BE54-9A1E7A4F7556}") = "TESTDAL", "TESTDAL\TESTDAL.csproj", "{9A7E35A2-9A01-49AC-A13F-F6B7388FB88E}"
EndProject
Project("{2150E333-8FDC-42A3-9474-1A3956D46DE8}") = "DAL", "DAL", "{8BF0A7B4-E9FC-4142-B891-1E564195205F}"
EndProject
Project("{9A19103F-16F7-4668-BE54-9A1E7A4F7556}") = "LABDAL", "LABDAL\LABDAL.csproj", "{8057DCBD-B1FB-4C05-BC6B-82BA5C305EED}"
EndProject
Project("{9A19103F-16F7-4668-BE54-9A1E7A4F7556}") = "testdbconsole", "testdbconsole\testdbconsole.csproj", "{7A7A9163-06C5-4987-A9D7-BE705304A079}"
EndProject
Project("{9A19103F-16F7-4668-BE54-9A1E7A4F7556}") = "dbfirstef", "dbfirstef.cs\dbfirstef.csproj", "{86BE0D8F-217E-4C76-9D1C-1DFB7948A797}"
EndProject
Project("{9A19103F-16F7-4668-BE54-9A1E7A4F7556}") = "samplewebapp", "samplewebapp\samplewebapp.csproj", "{A44F37E9-075C-45D5-8383-F9ACF39EECB0}"
EndProject
Project("{9A19103F-16F7-4668-BE54-9A1E7A4F7556}") = "empsysef", "empsysef\empsysef.csproj", "{B6DD4D0F-DD76-4CA5-BC36-A2B3702A1B13}"
EndProject
Project("{2150E333-8FDC-42A3-9474-1A3956D46DE8}") = "product_template", "product_template", "{F081E9D0-2881-4A49-B8F4-B25C96C12F93}"
EndProject
Project("{9A19103F-16F7-4668-BE54-9A1E7A4F7556}") = "webpl", "webpl\webpl.csproj", "{409DB47D-8437-4926-A028-D3F7A6611450}"
EndProject
Project("{9A19103F-16F7-4668-BE54-9A1E7A4F7556}") = "BLlib1", "BLlib1\BLlib1.csproj", "{C000CB6A-AA54-4755-84E7-A6DBC310015E}"
EndProject
Project("{9A19103F-16F7-4668-BE54-9A1E7A4F7556}") = "BLlib2", "BLlib2\BLlib2.csproj", "{D09269D3-F608-4DBA-B883-64AC3C1CD270}"
EndProject
Project("{9A19103F-16F7-4668-BE54-9A1E7A4F7556}") = "DALlib", "DALlib\DALlib.csproj", "{A7220F37-77D1-4340-B4C2-5B76BB9F0680}"
EndProject
Project("{9A19103F-16F7-4668-BE54-9A1E7A4F7556}") = "serviceapi", "serviceapi\serviceapi.csproj", "{25ACD2C3-75C4-4716-818C-49B7026131D0}"
EndProject
Project("{9A19103F-16F7-4668-BE54-9A1E7A4F7556}") = "empwebapp", "empwebapp\empwebapp.csproj", "{D95EE9AE-70A5-4BB3-B883-CDD4664F1702}"
EndProject
Project("{9A19103F-16F7-4668-BE54-9A1E7A4F7556}") = "firstapi1", "firstapi1\firstapi1.csproj", "{C3FC45CA-C9D3-4856-8D83-FCC345587152}"
EndProject
Project("{9A19103F-16F7-4668-BE54-9A1E7A4F7556}") = "dependencyinjection", "dependencyinjection\dependencyinjection.csproj", "{442176ED-6037-4634-B06E-58D11E76A222}"
EndProject
Project("{9A19103F-16F7-4668-BE54-9A1E7A4F7556}") = "individual", "individual\individual.csproj", "{AC70B621-B3F2-4DF3-97CF-EF9AE756E903}"
EndProject
Project("{9A19103F-16F7-4668-BE54-9A1E7A4F7556}") = "windowswebapp", "windowswebapp\windowswebapp.csproj", "{9CCFD103-FE41-4350-A7EF-C72A70F6A105}"
EndProject
Project("{9A19103F-16F7-4668-BE54-9A1E7A4F7556}") = "jwtauth", "jwtauth\jwtauth.csproj", "{2EC49531-A56A-4DCC-BC21-94EAFD685212}"
EndProject
Project("{2150E333-8FDC-42A3-9474-1A3956D46DE8}") = "webapiclients", "webapiclients", "{FE67312F-8DE1-46A3-8320-1CB7F9AEBF6E}"
EndProject
Project("{9A19103F-16F7-4668-BE54-9A1E7A4F7556}") = "consoleclient", "consoleclient\consoleclient.csproj", "{6DAA983D-F54C-42CA-8891-8BE697DE14C2}"
EndProject
Project("{FAE04EC0-301F-11D3-BF4B-00C04F79EFBC}") = "AsyncAwait", "async\AsyncAwait.csproj", "{A388FF12-4C55-4E49-ADF2-65EEB0C27838}"
EndProject
Global
	GlobalSection(SolutionConfigurationPlatforms) = preSolution
		Debug|Any CPU = Debug|Any CPU
		Release|Any CPU = Release|Any CPU
	EndGlobalSection
	GlobalSection(ProjectConfigurationPlatforms) = postSolution
		{DF77D40E-7F9E-4609-BB98-3C1E806BFFE4}.Debug|Any CPU.ActiveCfg = Debug|Any CPU
		{DF77D40E-7F9E-4609-BB98-3C1E806BFFE4}.Debug|Any CPU.Build.0 = Debug|Any CPU
		{DF77D40E-7F9E-4609-BB98-3C1E806BFFE4}.Release|Any CPU.ActiveCfg = Release|Any CPU
		{DF77D40E-7F9E-4609-BB98-3C1E806BFFE4}.Release|Any CPU.Build.0 = Release|Any CPU
		{9C466134-14A4-4751-9132-57A4C1D4C63D}.Debug|Any CPU.ActiveCfg = Debug|Any CPU
		{9C466134-14A4-4751-9132-57A4C1D4C63D}.Debug|Any CPU.Build.0 = Debug|Any CPU
		{9C466134-14A4-4751-9132-57A4C1D4C63D}.Release|Any CPU.ActiveCfg = Release|Any CPU
		{9C466134-14A4-4751-9132-57A4C1D4C63D}.Release|Any CPU.Build.0 = Release|Any CPU
		{6BAB003E-117F-4912-A855-7BE2D317254B}.Debug|Any CPU.ActiveCfg = Debug|Any CPU
		{6BAB003E-117F-4912-A855-7BE2D317254B}.Debug|Any CPU.Build.0 = Debug|Any CPU
		{6BAB003E-117F-4912-A855-7BE2D317254B}.Release|Any CPU.ActiveCfg = Release|Any CPU
		{6BAB003E-117F-4912-A855-7BE2D317254B}.Release|Any CPU.Build.0 = Release|Any CPU
		{3076CEE1-DD3B-4A9A-8854-D7313893EA02}.Debug|Any CPU.ActiveCfg = Debug|Any CPU
		{3076CEE1-DD3B-4A9A-8854-D7313893EA02}.Debug|Any CPU.Build.0 = Debug|Any CPU
		{3076CEE1-DD3B-4A9A-8854-D7313893EA02}.Release|Any CPU.ActiveCfg = Release|Any CPU
		{3076CEE1-DD3B-4A9A-8854-D7313893EA02}.Release|Any CPU.Build.0 = Release|Any CPU
		{02385DAB-40BF-4223-BC90-A8ACA8BAD4F3}.Debug|Any CPU.ActiveCfg = Debug|Any CPU
		{02385DAB-40BF-4223-BC90-A8ACA8BAD4F3}.Debug|Any CPU.Build.0 = Debug|Any CPU
		{02385DAB-40BF-4223-BC90-A8ACA8BAD4F3}.Release|Any CPU.ActiveCfg = Release|Any CPU
		{02385DAB-40BF-4223-BC90-A8ACA8BAD4F3}.Release|Any CPU.Build.0 = Release|Any CPU
		{0CC75593-D77C-42BC-AB25-B496338AD6CF}.Debug|Any CPU.ActiveCfg = Debug|Any CPU
		{0CC75593-D77C-42BC-AB25-B496338AD6CF}.Debug|Any CPU.Build.0 = Debug|Any CPU
		{0CC75593-D77C-42BC-AB25-B496338AD6CF}.Release|Any CPU.ActiveCfg = Release|Any CPU
		{0CC75593-D77C-42BC-AB25-B496338AD6CF}.Release|Any CPU.Build.0 = Release|Any CPU
		{205B0429-BFC5-4835-B69B-E6C2B3C7540F}.Debug|Any CPU.ActiveCfg = Debug|Any CPU
		{205B0429-BFC5-4835-B69B-E6C2B3C7540F}.Debug|Any CPU.Build.0 = Debug|Any CPU
		{205B0429-BFC5-4835-B69B-E6C2B3C7540F}.Release|Any CPU.ActiveCfg = Release|Any CPU
		{205B0429-BFC5-4835-B69B-E6C2B3C7540F}.Release|Any CPU.Build.0 = Release|Any CPU
		{9103B33D-E4FE-4D88-AAC6-C2A82E0CDFC6}.Debug|Any CPU.ActiveCfg = Debug|Any CPU
		{9103B33D-E4FE-4D88-AAC6-C2A82E0CDFC6}.Debug|Any CPU.Build.0 = Debug|Any CPU
		{9103B33D-E4FE-4D88-AAC6-C2A82E0CDFC6}.Release|Any CPU.ActiveCfg = Release|Any CPU
		{9103B33D-E4FE-4D88-AAC6-C2A82E0CDFC6}.Release|Any CPU.Build.0 = Release|Any CPU
		{DAE0CA7C-E693-4830-8F2A-2DF81C4BD3C9}.Debug|Any CPU.ActiveCfg = Debug|Any CPU
		{DAE0CA7C-E693-4830-8F2A-2DF81C4BD3C9}.Debug|Any CPU.Build.0 = Debug|Any CPU
		{DAE0CA7C-E693-4830-8F2A-2DF81C4BD3C9}.Release|Any CPU.ActiveCfg = Release|Any CPU
		{DAE0CA7C-E693-4830-8F2A-2DF81C4BD3C9}.Release|Any CPU.Build.0 = Release|Any CPU
		{9A7E35A2-9A01-49AC-A13F-F6B7388FB88E}.Debug|Any CPU.ActiveCfg = Debug|Any CPU
		{9A7E35A2-9A01-49AC-A13F-F6B7388FB88E}.Debug|Any CPU.Build.0 = Debug|Any CPU
		{9A7E35A2-9A01-49AC-A13F-F6B7388FB88E}.Release|Any CPU.ActiveCfg = Release|Any CPU
		{9A7E35A2-9A01-49AC-A13F-F6B7388FB88E}.Release|Any CPU.Build.0 = Release|Any CPU
		{8057DCBD-B1FB-4C05-BC6B-82BA5C305EED}.Debug|Any CPU.ActiveCfg = Debug|Any CPU
		{8057DCBD-B1FB-4C05-BC6B-82BA5C305EED}.Debug|Any CPU.Build.0 = Debug|Any CPU
		{8057DCBD-B1FB-4C05-BC6B-82BA5C305EED}.Release|Any CPU.ActiveCfg = Release|Any CPU
		{8057DCBD-B1FB-4C05-BC6B-82BA5C305EED}.Release|Any CPU.Build.0 = Release|Any CPU
		{7A7A9163-06C5-4987-A9D7-BE705304A079}.Debug|Any CPU.ActiveCfg = Debug|Any CPU
		{7A7A9163-06C5-4987-A9D7-BE705304A079}.Debug|Any CPU.Build.0 = Debug|Any CPU
		{7A7A9163-06C5-4987-A9D7-BE705304A079}.Release|Any CPU.ActiveCfg = Release|Any CPU
		{7A7A9163-06C5-4987-A9D7-BE705304A079}.Release|Any CPU.Build.0 = Release|Any CPU
		{86BE0D8F-217E-4C76-9D1C-1DFB7948A797}.Debug|Any CPU.ActiveCfg = Debug|Any CPU
		{86BE0D8F-217E-4C76-9D1C-1DFB7948A797}.Debug|Any CPU.Build.0 = Debug|Any CPU
		{86BE0D8F-217E-4C76-9D1C-1DFB7948A797}.Release|Any CPU.ActiveCfg = Release|Any CPU
		{86BE0D8F-217E-4C76-9D1C-1DFB7948A797}.Release|Any CPU.Build.0 = Release|Any CPU
		{A44F37E9-075C-45D5-8383-F9ACF39EECB0}.Debug|Any CPU.ActiveCfg = Debug|Any CPU
		{A44F37E9-075C-45D5-8383-F9ACF39EECB0}.Debug|Any CPU.Build.0 = Debug|Any CPU
		{A44F37E9-075C-45D5-8383-F9ACF39EECB0}.Release|Any CPU.ActiveCfg = Release|Any CPU
		{A44F37E9-075C-45D5-8383-F9ACF39EECB0}.Release|Any CPU.Build.0 = Release|Any CPU
		{B6DD4D0F-DD76-4CA5-BC36-A2B3702A1B13}.Debug|Any CPU.ActiveCfg = Debug|Any CPU
		{B6DD4D0F-DD76-4CA5-BC36-A2B3702A1B13}.Debug|Any CPU.Build.0 = Debug|Any CPU
		{B6DD4D0F-DD76-4CA5-BC36-A2B3702A1B13}.Release|Any CPU.ActiveCfg = Release|Any CPU
		{B6DD4D0F-DD76-4CA5-BC36-A2B3702A1B13}.Release|Any CPU.Build.0 = Release|Any CPU
		{409DB47D-8437-4926-A028-D3F7A6611450}.Debug|Any CPU.ActiveCfg = Debug|Any CPU
		{409DB47D-8437-4926-A028-D3F7A6611450}.Debug|Any CPU.Build.0 = Debug|Any CPU
		{409DB47D-8437-4926-A028-D3F7A6611450}.Release|Any CPU.ActiveCfg = Release|Any CPU
		{409DB47D-8437-4926-A028-D3F7A6611450}.Release|Any CPU.Build.0 = Release|Any CPU
		{C000CB6A-AA54-4755-84E7-A6DBC310015E}.Debug|Any CPU.ActiveCfg = Debug|Any CPU
		{C000CB6A-AA54-4755-84E7-A6DBC310015E}.Debug|Any CPU.Build.0 = Debug|Any CPU
		{C000CB6A-AA54-4755-84E7-A6DBC310015E}.Release|Any CPU.ActiveCfg = Release|Any CPU
		{C000CB6A-AA54-4755-84E7-A6DBC310015E}.Release|Any CPU.Build.0 = Release|Any CPU
		{D09269D3-F608-4DBA-B883-64AC3C1CD270}.Debug|Any CPU.ActiveCfg = Debug|Any CPU
		{D09269D3-F608-4DBA-B883-64AC3C1CD270}.Debug|Any CPU.Build.0 = Debug|Any CPU
		{D09269D3-F608-4DBA-B883-64AC3C1CD270}.Release|Any CPU.ActiveCfg = Release|Any CPU
		{D09269D3-F608-4DBA-B883-64AC3C1CD270}.Release|Any CPU.Build.0 = Release|Any CPU
		{A7220F37-77D1-4340-B4C2-5B76BB9F0680}.Debug|Any CPU.ActiveCfg = Debug|Any CPU
		{A7220F37-77D1-4340-B4C2-5B76BB9F0680}.Debug|Any CPU.Build.0 = Debug|Any CPU
		{A7220F37-77D1-4340-B4C2-5B76BB9F0680}.Release|Any CPU.ActiveCfg = Release|Any CPU
		{A7220F37-77D1-4340-B4C2-5B76BB9F0680}.Release|Any CPU.Build.0 = Release|Any CPU
		{25ACD2C3-75C4-4716-818C-49B7026131D0}.Debug|Any CPU.ActiveCfg = Debug|Any CPU
		{25ACD2C3-75C4-4716-818C-49B7026131D0}.Debug|Any CPU.Build.0 = Debug|Any CPU
		{25ACD2C3-75C4-4716-818C-49B7026131D0}.Release|Any CPU.ActiveCfg = Release|Any CPU
		{25ACD2C3-75C4-4716-818C-49B7026131D0}.Release|Any CPU.Build.0 = Release|Any CPU
		{D95EE9AE-70A5-4BB3-B883-CDD4664F1702}.Debug|Any CPU.ActiveCfg = Debug|Any CPU
		{D95EE9AE-70A5-4BB3-B883-CDD4664F1702}.Debug|Any CPU.Build.0 = Debug|Any CPU
		{D95EE9AE-70A5-4BB3-B883-CDD4664F1702}.Release|Any CPU.ActiveCfg = Release|Any CPU
		{D95EE9AE-70A5-4BB3-B883-CDD4664F1702}.Release|Any CPU.Build.0 = Release|Any CPU
		{C3FC45CA-C9D3-4856-8D83-FCC345587152}.Debug|Any CPU.ActiveCfg = Debug|Any CPU
		{C3FC45CA-C9D3-4856-8D83-FCC345587152}.Debug|Any CPU.Build.0 = Debug|Any CPU
		{C3FC45CA-C9D3-4856-8D83-FCC345587152}.Release|Any CPU.ActiveCfg = Release|Any CPU
		{C3FC45CA-C9D3-4856-8D83-FCC345587152}.Release|Any CPU.Build.0 = Release|Any CPU
		{442176ED-6037-4634-B06E-58D11E76A222}.Debug|Any CPU.ActiveCfg = Debug|Any CPU
		{442176ED-6037-4634-B06E-58D11E76A222}.Debug|Any CPU.Build.0 = Debug|Any CPU
		{442176ED-6037-4634-B06E-58D11E76A222}.Release|Any CPU.ActiveCfg = Release|Any CPU
		{442176ED-6037-4634-B06E-58D11E76A222}.Release|Any CPU.Build.0 = Release|Any CPU
		{AC70B621-B3F2-4DF3-97CF-EF9AE756E903}.Debug|Any CPU.ActiveCfg = Debug|Any CPU
		{AC70B621-B3F2-4DF3-97CF-EF9AE756E903}.Debug|Any CPU.Build.0 = Debug|Any CPU
		{AC70B621-B3F2-4DF3-97CF-EF9AE756E903}.Release|Any CPU.ActiveCfg = Release|Any CPU
		{AC70B621-B3F2-4DF3-97CF-EF9AE756E903}.Release|Any CPU.Build.0 = Release|Any CPU
		{9CCFD103-FE41-4350-A7EF-C72A70F6A105}.Debug|Any CPU.ActiveCfg = Debug|Any CPU
		{9CCFD103-FE41-4350-A7EF-C72A70F6A105}.Debug|Any CPU.Build.0 = Debug|Any CPU
		{9CCFD103-FE41-4350-A7EF-C72A70F6A105}.Release|Any CPU.ActiveCfg = Release|Any CPU
		{9CCFD103-FE41-4350-A7EF-C72A70F6A105}.Release|Any CPU.Build.0 = Release|Any CPU
		{2EC49531-A56A-4DCC-BC21-94EAFD685212}.Debug|Any CPU.ActiveCfg = Debug|Any CPU
		{2EC49531-A56A-4DCC-BC21-94EAFD685212}.Debug|Any CPU.Build.0 = Debug|Any CPU
		{2EC49531-A56A-4DCC-BC21-94EAFD685212}.Release|Any CPU.ActiveCfg = Release|Any CPU
		{2EC49531-A56A-4DCC-BC21-94EAFD685212}.Release|Any CPU.Build.0 = Release|Any CPU
		{6DAA983D-F54C-42CA-8891-8BE697DE14C2}.Debug|Any CPU.ActiveCfg = Debug|Any CPU
		{6DAA983D-F54C-42CA-8891-8BE697DE14C2}.Debug|Any CPU.Build.0 = Debug|Any CPU
		{6DAA983D-F54C-42CA-8891-8BE697DE14C2}.Release|Any CPU.ActiveCfg = Release|Any CPU
		{6DAA983D-F54C-42CA-8891-8BE697DE14C2}.Release|Any CPU.Build.0 = Release|Any CPU
		{A388FF12-4C55-4E49-ADF2-65EEB0C27838}.Debug|Any CPU.ActiveCfg = Debug|Any CPU
		{A388FF12-4C55-4E49-ADF2-65EEB0C27838}.Debug|Any CPU.Build.0 = Debug|Any CPU
		{A388FF12-4C55-4E49-ADF2-65EEB0C27838}.Release|Any CPU.ActiveCfg = Release|Any CPU
		{A388FF12-4C55-4E49-ADF2-65EEB0C27838}.Release|Any CPU.Build.0 = Release|Any CPU
	EndGlobalSection
	GlobalSection(SolutionProperties) = preSolution
		HideSolutionNode = FALSE
	EndGlobalSection
	GlobalSection(NestedProjects) = preSolution
		{3076CEE1-DD3B-4A9A-8854-D7313893EA02} = {7D7584D7-F349-4934-A007-74611B74B136}
		{02385DAB-40BF-4223-BC90-A8ACA8BAD4F3} = {7D4B7357-5AAD-4F40-B0ED-88F2ACC8E782}
		{0CC75593-D77C-42BC-AB25-B496338AD6CF} = {06F3DF3A-C31C-4110-8545-998C507B65E2}
		{205B0429-BFC5-4835-B69B-E6C2B3C7540F} = {06F3DF3A-C31C-4110-8545-998C507B65E2}
		{7D7584D7-F349-4934-A007-74611B74B136} = {ED7F0A93-85A7-4636-AFF5-ECC4E89AE896}
		{7D4B7357-5AAD-4F40-B0ED-88F2ACC8E782} = {ED7F0A93-85A7-4636-AFF5-ECC4E89AE896}
		{9103B33D-E4FE-4D88-AAC6-C2A82E0CDFC6} = {ED7F0A93-85A7-4636-AFF5-ECC4E89AE896}
		{9A7E35A2-9A01-49AC-A13F-F6B7388FB88E} = {8BF0A7B4-E9FC-4142-B891-1E564195205F}
		{8BF0A7B4-E9FC-4142-B891-1E564195205F} = {ED7F0A93-85A7-4636-AFF5-ECC4E89AE896}
		{8057DCBD-B1FB-4C05-BC6B-82BA5C305EED} = {8BF0A7B4-E9FC-4142-B891-1E564195205F}
		{7A7A9163-06C5-4987-A9D7-BE705304A079} = {7D4B7357-5AAD-4F40-B0ED-88F2ACC8E782}
		{86BE0D8F-217E-4C76-9D1C-1DFB7948A797} = {8BF0A7B4-E9FC-4142-B891-1E564195205F}
		{B6DD4D0F-DD76-4CA5-BC36-A2B3702A1B13} = {8BF0A7B4-E9FC-4142-B891-1E564195205F}
		{409DB47D-8437-4926-A028-D3F7A6611450} = {F081E9D0-2881-4A49-B8F4-B25C96C12F93}
		{C000CB6A-AA54-4755-84E7-A6DBC310015E} = {F081E9D0-2881-4A49-B8F4-B25C96C12F93}
		{D09269D3-F608-4DBA-B883-64AC3C1CD270} = {F081E9D0-2881-4A49-B8F4-B25C96C12F93}
		{A7220F37-77D1-4340-B4C2-5B76BB9F0680} = {F081E9D0-2881-4A49-B8F4-B25C96C12F93}
		{25ACD2C3-75C4-4716-818C-49B7026131D0} = {F081E9D0-2881-4A49-B8F4-B25C96C12F93}
		{6DAA983D-F54C-42CA-8891-8BE697DE14C2} = {FE67312F-8DE1-46A3-8320-1CB7F9AEBF6E}
	EndGlobalSection
	GlobalSection(ExtensibilityGlobals) = postSolution
		SolutionGuid = {47D6493B-8A44-48D0-8DB7-CA928173FA5F}
	EndGlobalSection
EndGlobal
